
Microsoft Visual Studio Solution File, Format Version 12.00
# Visual Studio Version 17
VisualStudioVersion = 17.7.34003.232
MinimumVisualStudioVersion = 10.0.40219.1
Project("{FAE04EC0-301F-11D3-BF4B-00C04F79EFBC}") = "file operations", "file operations\file operations.csproj", "{D70A2AF4-3259-46AE-A09C-4639E7211DA3}"
EndProject
Global
	GlobalSection(SolutionConfigurationPlatforms) = preSolution
		Debug|Any CPU = Debug|Any CPU
		Release|Any CPU = Release|Any CPU
	EndGlobalSection
	GlobalSection(ProjectConfigurationPlatforms) = postSolution
		{D70A2AF4-3259-46AE-A09C-4639E7211DA3}.Debug|Any CPU.ActiveCfg = Debug|Any CPU
		{D70A2AF4-3259-46AE-A09C-4639E7211DA3}.Debug|Any CPU.Build.0 = Debug|Any CPU
		{D70A2AF4-3259-46AE-A09C-4639E7211DA3}.Release|Any CPU.ActiveCfg = Release|Any CPU
		{D70A2AF4-3259-46AE-A09C-4639E7211DA3}.Release|Any CPU.Build.0 = Release|Any CPU
	EndGlobalSection
	GlobalSection(SolutionProperties) = preSolution
		HideSolutionNode = FALSE
	EndGlobalSection
	GlobalSection(ExtensibilityGlobals) = postSolution
		SolutionGuid = {20E6BE1A-828D-4580-ACF2-B4B5BEE13073}
	EndGlobalSection
EndGlobal
