
Microsoft Visual Studio Solution File, Format Version 12.00
# Visual Studio Version 17
VisualStudioVersion = 17.7.34003.232
MinimumVisualStudioVersion = 10.0.40219.1
Project("{FAE04EC0-301F-11D3-BF4B-00C04F79EFBC}") = "Linq full task", "Linq full task\Linq full task.csproj", "{7AA88E27-A9B3-4F1A-9538-09D4488AD9B9}"
EndProject
Global
	GlobalSection(SolutionConfigurationPlatforms) = preSolution
		Debug|Any CPU = Debug|Any CPU
		Release|Any CPU = Release|Any CPU
	EndGlobalSection
	GlobalSection(ProjectConfigurationPlatforms) = postSolution
		{7AA88E27-A9B3-4F1A-9538-09D4488AD9B9}.Debug|Any CPU.ActiveCfg = Debug|Any CPU
		{7AA88E27-A9B3-4F1A-9538-09D4488AD9B9}.Debug|Any CPU.Build.0 = Debug|Any CPU
		{7AA88E27-A9B3-4F1A-9538-09D4488AD9B9}.Release|Any CPU.ActiveCfg = Release|Any CPU
		{7AA88E27-A9B3-4F1A-9538-09D4488AD9B9}.Release|Any CPU.Build.0 = Release|Any CPU
	EndGlobalSection
	GlobalSection(SolutionProperties) = preSolution
		HideSolutionNode = FALSE
	EndGlobalSection
	GlobalSection(ExtensibilityGlobals) = postSolution
		SolutionGuid = {B3D60F4B-024C-41BB-8B41-4B3115143041}
	EndGlobalSection
EndGlobal
