
Microsoft Visual Studio Solution File, Format Version 12.00
# Visual Studio Version 17
VisualStudioVersion = 17.7.34003.232
MinimumVisualStudioVersion = 10.0.40219.1
Project("{9A19103F-16F7-4668-BE54-9A1E7A4F7556}") = "enum task", "enum task\enum task.csproj", "{B99AD2F8-86DC-4D02-9402-D9638358E5B7}"
EndProject
Global
	GlobalSection(SolutionConfigurationPlatforms) = preSolution
		Debug|Any CPU = Debug|Any CPU
		Release|Any CPU = Release|Any CPU
	EndGlobalSection
	GlobalSection(ProjectConfigurationPlatforms) = postSolution
		{B99AD2F8-86DC-4D02-9402-D9638358E5B7}.Debug|Any CPU.ActiveCfg = Debug|Any CPU
		{B99AD2F8-86DC-4D02-9402-D9638358E5B7}.Debug|Any CPU.Build.0 = Debug|Any CPU
		{B99AD2F8-86DC-4D02-9402-D9638358E5B7}.Release|Any CPU.ActiveCfg = Release|Any CPU
		{B99AD2F8-86DC-4D02-9402-D9638358E5B7}.Release|Any CPU.Build.0 = Release|Any CPU
	EndGlobalSection
	GlobalSection(SolutionProperties) = preSolution
		HideSolutionNode = FALSE
	EndGlobalSection
	GlobalSection(ExtensibilityGlobals) = postSolution
		SolutionGuid = {887ECA75-A6ED-466A-8F1F-87E16A9C5B36}
	EndGlobalSection
EndGlobal
