
Microsoft Visual Studio Solution File, Format Version 12.00
# Visual Studio Version 17
VisualStudioVersion = 17.7.34003.232
MinimumVisualStudioVersion = 10.0.40219.1
Project("{9A19103F-16F7-4668-BE54-9A1E7A4F7556}") = "Reveision c sharp", "Reveision c sharp\Reveision c sharp.csproj", "{69D89BE5-0A66-4C30-9B9D-E67F55B4DAE2}"
EndProject
Project("{FAE04EC0-301F-11D3-BF4B-00C04F79EFBC}") = "internal", "internal\internal.csproj", "{4D6B77C6-2EB8-499E-8327-6FA5EA40DFCE}"
EndProject
Global
	GlobalSection(SolutionConfigurationPlatforms) = preSolution
		Debug|Any CPU = Debug|Any CPU
		Release|Any CPU = Release|Any CPU
	EndGlobalSection
	GlobalSection(ProjectConfigurationPlatforms) = postSolution
		{69D89BE5-0A66-4C30-9B9D-E67F55B4DAE2}.Debug|Any CPU.ActiveCfg = Debug|Any CPU
		{69D89BE5-0A66-4C30-9B9D-E67F55B4DAE2}.Debug|Any CPU.Build.0 = Debug|Any CPU
		{69D89BE5-0A66-4C30-9B9D-E67F55B4DAE2}.Release|Any CPU.ActiveCfg = Release|Any CPU
		{69D89BE5-0A66-4C30-9B9D-E67F55B4DAE2}.Release|Any CPU.Build.0 = Release|Any CPU
		{4D6B77C6-2EB8-499E-8327-6FA5EA40DFCE}.Debug|Any CPU.ActiveCfg = Debug|Any CPU
		{4D6B77C6-2EB8-499E-8327-6FA5EA40DFCE}.Debug|Any CPU.Build.0 = Debug|Any CPU
		{4D6B77C6-2EB8-499E-8327-6FA5EA40DFCE}.Release|Any CPU.ActiveCfg = Release|Any CPU
		{4D6B77C6-2EB8-499E-8327-6FA5EA40DFCE}.Release|Any CPU.Build.0 = Release|Any CPU
	EndGlobalSection
	GlobalSection(SolutionProperties) = preSolution
		HideSolutionNode = FALSE
	EndGlobalSection
	GlobalSection(ExtensibilityGlobals) = postSolution
		SolutionGuid = {C25491F8-95A1-4E31-A10E-627A83639D59}
	EndGlobalSection
EndGlobal
