
Microsoft Visual Studio Solution File, Format Version 12.00
# Visual Studio Version 17
VisualStudioVersion = 17.7.34003.232
MinimumVisualStudioVersion = 10.0.40219.1
Project("{FAE04EC0-301F-11D3-BF4B-00C04F79EFBC}") = "stored procedure", "stored procedure\stored procedure.csproj", "{5AF44027-6024-46BB-A459-C5F4B2EE19F0}"
EndProject
Project("{FAE04EC0-301F-11D3-BF4B-00C04F79EFBC}") = "BUSINESSLAYER", "BUSINESSLAYER\BUSINESSLAYER.csproj", "{33B41DDA-AB1C-4988-B528-3C9B2EF6FDEC}"
EndProject
Project("{FAE04EC0-301F-11D3-BF4B-00C04F79EFBC}") = "DATALAYER", "DATALAYER\DATALAYER.csproj", "{9D60E823-FF80-44D9-B000-54CA783F73D7}"
EndProject
Project("{FAE04EC0-301F-11D3-BF4B-00C04F79EFBC}") = "StoreProcedure_Entity", "StoreProcedure_Entity\StoreProcedure_Entity.csproj", "{0D375B46-8FDA-4475-A304-73F349F5AB04}"
EndProject
Project("{FAE04EC0-301F-11D3-BF4B-00C04F79EFBC}") = "SPStore_DTO", "SPStore_DTO\SPStore_DTO.csproj", "{18239D70-6DE5-4DA5-B614-CE8DCADECC92}"
EndProject
Global
	GlobalSection(SolutionConfigurationPlatforms) = preSolution
		Debug|Any CPU = Debug|Any CPU
		Release|Any CPU = Release|Any CPU
	EndGlobalSection
	GlobalSection(ProjectConfigurationPlatforms) = postSolution
		{5AF44027-6024-46BB-A459-C5F4B2EE19F0}.Debug|Any CPU.ActiveCfg = Debug|Any CPU
		{5AF44027-6024-46BB-A459-C5F4B2EE19F0}.Debug|Any CPU.Build.0 = Debug|Any CPU
		{5AF44027-6024-46BB-A459-C5F4B2EE19F0}.Release|Any CPU.ActiveCfg = Release|Any CPU
		{5AF44027-6024-46BB-A459-C5F4B2EE19F0}.Release|Any CPU.Build.0 = Release|Any CPU
		{33B41DDA-AB1C-4988-B528-3C9B2EF6FDEC}.Debug|Any CPU.ActiveCfg = Debug|Any CPU
		{33B41DDA-AB1C-4988-B528-3C9B2EF6FDEC}.Debug|Any CPU.Build.0 = Debug|Any CPU
		{33B41DDA-AB1C-4988-B528-3C9B2EF6FDEC}.Release|Any CPU.ActiveCfg = Release|Any CPU
		{33B41DDA-AB1C-4988-B528-3C9B2EF6FDEC}.Release|Any CPU.Build.0 = Release|Any CPU
		{9D60E823-FF80-44D9-B000-54CA783F73D7}.Debug|Any CPU.ActiveCfg = Debug|Any CPU
		{9D60E823-FF80-44D9-B000-54CA783F73D7}.Debug|Any CPU.Build.0 = Debug|Any CPU
		{9D60E823-FF80-44D9-B000-54CA783F73D7}.Release|Any CPU.ActiveCfg = Release|Any CPU
		{9D60E823-FF80-44D9-B000-54CA783F73D7}.Release|Any CPU.Build.0 = Release|Any CPU
		{0D375B46-8FDA-4475-A304-73F349F5AB04}.Debug|Any CPU.ActiveCfg = Debug|Any CPU
		{0D375B46-8FDA-4475-A304-73F349F5AB04}.Debug|Any CPU.Build.0 = Debug|Any CPU
		{0D375B46-8FDA-4475-A304-73F349F5AB04}.Release|Any CPU.ActiveCfg = Release|Any CPU
		{0D375B46-8FDA-4475-A304-73F349F5AB04}.Release|Any CPU.Build.0 = Release|Any CPU
		{18239D70-6DE5-4DA5-B614-CE8DCADECC92}.Debug|Any CPU.ActiveCfg = Debug|Any CPU
		{18239D70-6DE5-4DA5-B614-CE8DCADECC92}.Debug|Any CPU.Build.0 = Debug|Any CPU
		{18239D70-6DE5-4DA5-B614-CE8DCADECC92}.Release|Any CPU.ActiveCfg = Release|Any CPU
		{18239D70-6DE5-4DA5-B614-CE8DCADECC92}.Release|Any CPU.Build.0 = Release|Any CPU
	EndGlobalSection
	GlobalSection(SolutionProperties) = preSolution
		HideSolutionNode = FALSE
	EndGlobalSection
	GlobalSection(ExtensibilityGlobals) = postSolution
		SolutionGuid = {EEC19B49-4B6F-4ECA-B8DA-644C76CCAF5F}
	EndGlobalSection
EndGlobal
